{
  "name": "grouprank",
  "version": "1.0.0",
  "lockfileVersion": 1,
  "requires": true,
  "dependencies": {
    "dotparser": {
      "version": "0.1.3",
      "resolved": "https://registry.npmjs.org/dotparser/-/dotparser-0.1.3.tgz",
      "integrity": "sha1-VfN22BYpZ20mVOOysoBr8RBf6wE="
    },
    "ngraph.events": {
      "version": "0.0.3",
      "resolved": "https://registry.npmjs.org/ngraph.events/-/ngraph.events-0.0.3.tgz",
      "integrity": "sha1-OPVTFvPSB61jH/lPZiLKjywOh9A="
    },
    "ngraph.fromdot": {
      "version": "0.1.6",
      "resolved": "https://registry.npmjs.org/ngraph.fromdot/-/ngraph.fromdot-0.1.6.tgz",
      "integrity": "sha1-77sRUmEhfJjuWmF0FXh07TsOMb0=",
      "requires": {
        "dotparser": "0.1.3",
        "ngraph.graph": "0.0.12"
      },
      "dependencies": {
        "ngraph.graph": {
          "version": "0.0.12",
          "resolved": "https://registry.npmjs.org/ngraph.graph/-/ngraph.graph-0.0.12.tgz",
          "integrity": "sha1-lax3faVn0JZT1K87repb+Rj1uyw=",
          "requires": {
            "ngraph.events": "0.0.3"
          }
        }
      }
    },
    "ngraph.graph": {
      "version": "0.0.14",
      "resolved": "https://registry.npmjs.org/ngraph.graph/-/ngraph.graph-0.0.14.tgz",
      "integrity": "sha1-1HrJSWfJIKr3aVLYpOczRuHfLbc=",
      "requires": {
        "ngraph.events": "0.0.3"
      }
    },
    "ngraph.pagerank": {
      "version": "0.1.4",
      "resolved": "https://registry.npmjs.org/ngraph.pagerank/-/ngraph.pagerank-0.1.4.tgz",
      "integrity": "sha1-q7qFYhFkCJdVrtNNKUUXMQNeDEo=",
      "requires": {
        "ngraph.fromdot": "0.1.6"
      }
    }
  }
}
